
Microsoft Visual Studio Solution File, Format Version 12.00
# Visual Studio 14
VisualStudioVersion = 14.0.25420.1
MinimumVisualStudioVersion = 10.0.40219.1
Project("{FAE04EC0-301F-11D3-BF4B-00C04F79EFBC}") = "10_Cumplidos", "10_Cumplidos\10_Cumplidos.csproj", "{FE452B78-9379-43C2-AB6D-7A4BCEAC4335}"
EndProject
Global
	GlobalSection(SolutionConfigurationPlatforms) = preSolution
		Debug|Any CPU = Debug|Any CPU
		Release|Any CPU = Release|Any CPU
	EndGlobalSection
	GlobalSection(ProjectConfigurationPlatforms) = postSolution
		{FE452B78-9379-43C2-AB6D-7A4BCEAC4335}.Debug|Any CPU.ActiveCfg = Debug|Any CPU
		{FE452B78-9379-43C2-AB6D-7A4BCEAC4335}.Debug|Any CPU.Build.0 = Debug|Any CPU
		{FE452B78-9379-43C2-AB6D-7A4BCEAC4335}.Release|Any CPU.ActiveCfg = Release|Any CPU
		{FE452B78-9379-43C2-AB6D-7A4BCEAC4335}.Release|Any CPU.Build.0 = Release|Any CPU
	EndGlobalSection
	GlobalSection(SolutionProperties) = preSolution
		HideSolutionNode = FALSE
	EndGlobalSection
EndGlobal
